
Microsoft Visual Studio Solution File, Format Version 12.00
# Visual Studio Version 16
VisualStudioVersion = 16.0.30611.23
MinimumVisualStudioVersion = 10.0.40219.1
Project("{FAE04EC0-301F-11D3-BF4B-00C04F79EFBC}") = "MathSeriesAndProbability", "ConsoleApp5\MathSeriesAndProbability.csproj", "{E1995BB2-DB85-4F68-AF4A-488955784B33}"
EndProject
Project("{FAE04EC0-301F-11D3-BF4B-00C04F79EFBC}") = "TestMathSieras", "TestMathSieras\TestMathSieras.csproj", "{6932E436-C580-4ED1-8A81-0C1FCED57CE9}"
EndProject
Project("{FAE04EC0-301F-11D3-BF4B-00C04F79EFBC}") = "MathSeriesAndProbabilityTests", "MathSeriesAndProbabilityTests\MathSeriesAndProbabilityTests.csproj", "{C8DB9B28-3CA4-4321-9612-96364B5BCCC8}"
EndProject
Global
	GlobalSection(SolutionConfigurationPlatforms) = preSolution
		Debug|Any CPU = Debug|Any CPU
		Release|Any CPU = Release|Any CPU
	EndGlobalSection
	GlobalSection(ProjectConfigurationPlatforms) = postSolution
		{E1995BB2-DB85-4F68-AF4A-488955784B33}.Debug|Any CPU.ActiveCfg = Debug|Any CPU
		{E1995BB2-DB85-4F68-AF4A-488955784B33}.Debug|Any CPU.Build.0 = Debug|Any CPU
		{E1995BB2-DB85-4F68-AF4A-488955784B33}.Release|Any CPU.ActiveCfg = Release|Any CPU
		{E1995BB2-DB85-4F68-AF4A-488955784B33}.Release|Any CPU.Build.0 = Release|Any CPU
		{6932E436-C580-4ED1-8A81-0C1FCED57CE9}.Debug|Any CPU.ActiveCfg = Debug|Any CPU
		{6932E436-C580-4ED1-8A81-0C1FCED57CE9}.Debug|Any CPU.Build.0 = Debug|Any CPU
		{6932E436-C580-4ED1-8A81-0C1FCED57CE9}.Release|Any CPU.ActiveCfg = Release|Any CPU
		{6932E436-C580-4ED1-8A81-0C1FCED57CE9}.Release|Any CPU.Build.0 = Release|Any CPU
		{C8DB9B28-3CA4-4321-9612-96364B5BCCC8}.Debug|Any CPU.ActiveCfg = Debug|Any CPU
		{C8DB9B28-3CA4-4321-9612-96364B5BCCC8}.Debug|Any CPU.Build.0 = Debug|Any CPU
		{C8DB9B28-3CA4-4321-9612-96364B5BCCC8}.Release|Any CPU.ActiveCfg = Release|Any CPU
		{C8DB9B28-3CA4-4321-9612-96364B5BCCC8}.Release|Any CPU.Build.0 = Release|Any CPU
	EndGlobalSection
	GlobalSection(SolutionProperties) = preSolution
		HideSolutionNode = FALSE
	EndGlobalSection
	GlobalSection(ExtensibilityGlobals) = postSolution
		SolutionGuid = {2333AE99-B06A-4F78-8005-8BACBE7C39B7}
	EndGlobalSection
EndGlobal
